
Microsoft Visual Studio Solution File, Format Version 12.00
# Visual Studio Version 16
VisualStudioVersion = 16.0.31410.357
MinimumVisualStudioVersion = 10.0.40219.1
Project("{FAE04EC0-301F-11D3-BF4B-00C04F79EFBC}") = "1911061027_DoTrongThuong_BigSchool", "1911061027_DoTrongThuong_BigSchool\1911061027_DoTrongThuong_BigSchool.csproj", "{AE5B0953-139A-437D-A6C4-152FEFBA962C}"
EndProject
Global
	GlobalSection(SolutionConfigurationPlatforms) = preSolution
		Debug|Any CPU = Debug|Any CPU
		Release|Any CPU = Release|Any CPU
	EndGlobalSection
	GlobalSection(ProjectConfigurationPlatforms) = postSolution
		{AE5B0953-139A-437D-A6C4-152FEFBA962C}.Debug|Any CPU.ActiveCfg = Debug|Any CPU
		{AE5B0953-139A-437D-A6C4-152FEFBA962C}.Debug|Any CPU.Build.0 = Debug|Any CPU
		{AE5B0953-139A-437D-A6C4-152FEFBA962C}.Release|Any CPU.ActiveCfg = Release|Any CPU
		{AE5B0953-139A-437D-A6C4-152FEFBA962C}.Release|Any CPU.Build.0 = Release|Any CPU
	EndGlobalSection
	GlobalSection(SolutionProperties) = preSolution
		HideSolutionNode = FALSE
	EndGlobalSection
	GlobalSection(ExtensibilityGlobals) = postSolution
		SolutionGuid = {851A2CE1-FFC8-47FB-840A-3C8FC41D8147}
	EndGlobalSection
EndGlobal
